
Microsoft Visual Studio Solution File, Format Version 12.00
# Visual Studio Version 16
VisualStudioVersion = 16.0.30717.126
MinimumVisualStudioVersion = 10.0.40219.1
Project("{9A19103F-16F7-4668-BE54-9A1E7A4F7556}") = "JugueteriaEvaluacionTecnicaBackend", "JugueteriaEvaluacionTecnicaBackend\JugueteriaEvaluacionTecnicaBackend.csproj", "{60204EC2-A776-418E-97B1-D1A52DE5A3C5}"
EndProject
Project("{9A19103F-16F7-4668-BE54-9A1E7A4F7556}") = "Domain", "Domain\Domain.csproj", "{894DAF18-185E-4D8D-94FA-CDD05121999B}"
EndProject
Project("{9A19103F-16F7-4668-BE54-9A1E7A4F7556}") = "DataAccess.EFCore", "DataAccess.EFCore\DataAccess.EFCore.csproj", "{18808846-7AD5-46B8-B35B-EC00E61ED66E}"
EndProject
Project("{FAE04EC0-301F-11D3-BF4B-00C04F79EFBC}") = "JugueteriaFrontend", "JugueteriaFrontend\JugueteriaFrontend.csproj", "{5A298341-F603-479B-A10A-11B7C88EE317}"
EndProject
Global
	GlobalSection(SolutionConfigurationPlatforms) = preSolution
		Debug|Any CPU = Debug|Any CPU
		Release|Any CPU = Release|Any CPU
	EndGlobalSection
	GlobalSection(ProjectConfigurationPlatforms) = postSolution
		{60204EC2-A776-418E-97B1-D1A52DE5A3C5}.Debug|Any CPU.ActiveCfg = Debug|Any CPU
		{60204EC2-A776-418E-97B1-D1A52DE5A3C5}.Debug|Any CPU.Build.0 = Debug|Any CPU
		{60204EC2-A776-418E-97B1-D1A52DE5A3C5}.Release|Any CPU.ActiveCfg = Release|Any CPU
		{60204EC2-A776-418E-97B1-D1A52DE5A3C5}.Release|Any CPU.Build.0 = Release|Any CPU
		{894DAF18-185E-4D8D-94FA-CDD05121999B}.Debug|Any CPU.ActiveCfg = Debug|Any CPU
		{894DAF18-185E-4D8D-94FA-CDD05121999B}.Debug|Any CPU.Build.0 = Debug|Any CPU
		{894DAF18-185E-4D8D-94FA-CDD05121999B}.Release|Any CPU.ActiveCfg = Release|Any CPU
		{894DAF18-185E-4D8D-94FA-CDD05121999B}.Release|Any CPU.Build.0 = Release|Any CPU
		{18808846-7AD5-46B8-B35B-EC00E61ED66E}.Debug|Any CPU.ActiveCfg = Debug|Any CPU
		{18808846-7AD5-46B8-B35B-EC00E61ED66E}.Debug|Any CPU.Build.0 = Debug|Any CPU
		{18808846-7AD5-46B8-B35B-EC00E61ED66E}.Release|Any CPU.ActiveCfg = Release|Any CPU
		{18808846-7AD5-46B8-B35B-EC00E61ED66E}.Release|Any CPU.Build.0 = Release|Any CPU
		{5A298341-F603-479B-A10A-11B7C88EE317}.Debug|Any CPU.ActiveCfg = Debug|Any CPU
		{5A298341-F603-479B-A10A-11B7C88EE317}.Debug|Any CPU.Build.0 = Debug|Any CPU
		{5A298341-F603-479B-A10A-11B7C88EE317}.Release|Any CPU.ActiveCfg = Release|Any CPU
		{5A298341-F603-479B-A10A-11B7C88EE317}.Release|Any CPU.Build.0 = Release|Any CPU
	EndGlobalSection
	GlobalSection(SolutionProperties) = preSolution
		HideSolutionNode = FALSE
	EndGlobalSection
	GlobalSection(ExtensibilityGlobals) = postSolution
		SolutionGuid = {5F35585E-7F8D-406C-B3B6-023A9A512123}
	EndGlobalSection
EndGlobal
